
Microsoft Visual Studio Solution File, Format Version 12.00
# Visual Studio Version 16
VisualStudioVersion = 16.0.30225.117
MinimumVisualStudioVersion = 10.0.40219.1
Project("{FAE04EC0-301F-11D3-BF4B-00C04F79EFBC}") = "Vecc.HealthCheckExample", "Vecc.HealthCheckExample\Vecc.HealthCheckExample.csproj", "{A1A64581-2CF7-46B1-B4E4-66EFEA627A69}"
EndProject
Global
	GlobalSection(SolutionConfigurationPlatforms) = preSolution
		Debug|Any CPU = Debug|Any CPU
		Release|Any CPU = Release|Any CPU
	EndGlobalSection
	GlobalSection(ProjectConfigurationPlatforms) = postSolution
		{A1A64581-2CF7-46B1-B4E4-66EFEA627A69}.Debug|Any CPU.ActiveCfg = Debug|Any CPU
		{A1A64581-2CF7-46B1-B4E4-66EFEA627A69}.Debug|Any CPU.Build.0 = Debug|Any CPU
		{A1A64581-2CF7-46B1-B4E4-66EFEA627A69}.Release|Any CPU.ActiveCfg = Release|Any CPU
		{A1A64581-2CF7-46B1-B4E4-66EFEA627A69}.Release|Any CPU.Build.0 = Release|Any CPU
	EndGlobalSection
	GlobalSection(SolutionProperties) = preSolution
		HideSolutionNode = FALSE
	EndGlobalSection
	GlobalSection(ExtensibilityGlobals) = postSolution
		SolutionGuid = {AA70C68C-64F2-4E61-99EA-EB0C08E816A1}
	EndGlobalSection
EndGlobal
